Microsoft Visual Studio Solution File, Format Version 12.00
# Visual Studio Version 16
VisualStudioVersion = 16.0.29503.13
MinimumVisualStudioVersion = 10.0.40219.1
Project("{2150E333-8FDC-42A3-9474-1A3956D46DE8}") = "Native", "Native", "{894D5955-FB15-45EB-BFE9-DAB86FD18F2B}"
EndProject
Project("{2150E333-8FDC-42A3-9474-1A3956D46DE8}") = "Android", "Android", "{4C95E2BE-756F-459A-8BF1-D7F0350336DF}"
EndProject
Project("{2150E333-8FDC-42A3-9474-1A3956D46DE8}") = "iOS", "iOS", "{6E1A455B-D9CF-402B-A74F-66371395DE2D}"
EndProject
Project("{2150E333-8FDC-42A3-9474-1A3956D46DE8}") = "BarcodeCaptureSimpleSample", "BarcodeCaptureSimpleSample", "{937C82CF-3DFA-4054-85AD-19727B7D176F}"
EndProject
Project("{2150E333-8FDC-42A3-9474-1A3956D46DE8}") = "BarcodeCaptureSimpleSample", "BarcodeCaptureSimpleSample", "{44A2628A-87B9-4E2B-A935-59538B8C84B6}"
EndProject
Project("{FAE04EC0-301F-11D3-BF4B-00C04F79EFBC}") = "BarcodeCaptureSimpleSample", "native\android\BarcodeCaptureSimpleSample\BarcodeCaptureSimpleSample.csproj", "{3BC0AC7E-3B3B-4D3F-9CC0-B2BDECC460A6}"
EndProject
Project("{FAE04EC0-301F-11D3-BF4B-00C04F79EFBC}") = "BarcodeCaptureSimpleSample", "native\ios\BarcodeCaptureSimpleSample\BarcodeCaptureSimpleSample.csproj", "{101E3060-8799-4119-8A7A-4F86A01C0C84}"
EndProject
Project("{2150E333-8FDC-42A3-9474-1A3956D46DE8}") = "MatrixScanSimpleSample", "MatrixScanSimpleSample", "{9CA172A0-1F74-4D14-A266-896507FFA29E}"
EndProject
Project("{2150E333-8FDC-42A3-9474-1A3956D46DE8}") = "MatrixScanSimpleSample", "MatrixScanSimpleSample", "{85DA9E63-C159-4AC8-93A7-F966F46955FE}"
EndProject
Project("{FAE04EC0-301F-11D3-BF4B-00C04F79EFBC}") = "MatrixScanSimpleSample", "native\android\MatrixScanSimpleSample\MatrixScanSimpleSample.csproj", "{D57204BA-4EAA-425F-8EF3-0231E6999F44}"
EndProject
Project("{FAE04EC0-301F-11D3-BF4B-00C04F79EFBC}") = "MatrixScanSimpleSample", "native\ios\MatrixScanSimpleSample\MatrixScanSimpleSample.csproj", "{868936C8-94E1-493A-BF62-3AD06F63E3D6}"
EndProject
Project("{2150E333-8FDC-42A3-9474-1A3956D46DE8}") = "BarcodeCaptureSettingsSample", "BarcodeCaptureSettingsSample", "{5F88A438-D504-4C65-8204-D23F8E5CFCE7}"
EndProject
Project("{FAE04EC0-301F-11D3-BF4B-00C04F79EFBC}") = "BarcodeCaptureSettingsSample", "native\android\BarcodeCaptureSettingsSample\BarcodeCaptureSettingsSample.csproj", "{095CD664-8283-4980-817B-DA28877DC658}"
EndProject
Project("{FAE04EC0-301F-11D3-BF4B-00C04F79EFBC}") = "BarcodeCaptureSettingsSample", "native\ios\BarcodeCaptureSettingsSample\BarcodeCaptureSettingsSample.csproj", "{DA5AB5EC-8606-4E15-B4B6-DCCF0207D233}"
EndProject
Project("{FAE04EC0-301F-11D3-BF4B-00C04F79EFBC}") = "MatrixScanBubblesSample", "native\ios\MatrixScanBubblesSample\MatrixScanBubblesSample.csproj", "{827A6BE7-A629-4FEA-BFBB-5F29FC0E0DA8}"
EndProject
Project("{2150E333-8FDC-42A3-9474-1A3956D46DE8}") = "MatrixScanBubblesSample", "MatrixScanBubblesSample", "{385533AB-3153-4A11-AB7D-4A2758A8546B}"
EndProject
Project("{FAE04EC0-301F-11D3-BF4B-00C04F79EFBC}") = "MatrixScanBubblesSample", "native\android\MatrixScanBubblesSample\MatrixScanBubblesSample.csproj", "{8F73153B-11AA-4E0D-851F-6F31043485E5}"
EndProject
Project("{2150E333-8FDC-42A3-9474-1A3956D46DE8}") = "BarcodeCaptureSettingsSample", "BarcodeCaptureSettingsSample", "{D63FDB91-9AD4-4CC9-B753-CD62D4A418E2}"
EndProject
Project("{2150E333-8FDC-42A3-9474-1A3956D46DE8}") = "MatrixScanBubblesSample", "MatrixScanBubblesSample", "{DB92CD71-7697-46B3-BE71-8EAF6DBC5DAA}"
EndProject




Global
	GlobalSection(SolutionConfigurationPlatforms) = preSolution
		Debug|Any CPU = Debug|Any CPU
		Debug|iPhone = Debug|iPhone
		Debug|iPhoneSimulator = Debug|iPhoneSimulator
		Release|Any CPU = Release|Any CPU
		Release|iPhone = Release|iPhone
		Release|iPhoneSimulator = Release|iPhoneSimulator
	EndGlobalSection
	GlobalSection(ProjectConfigurationPlatforms) = postSolution
		{3BC0AC7E-3B3B-4D3F-9CC0-B2BDECC460A6}.Debug|Any CPU.ActiveCfg = Debug|Any CPU
		{3BC0AC7E-3B3B-4D3F-9CC0-B2BDECC460A6}.Debug|Any CPU.Build.0 = Debug|Any CPU
		{3BC0AC7E-3B3B-4D3F-9CC0-B2BDECC460A6}.Debug|iPhone.ActiveCfg = Debug|Any CPU
		{3BC0AC7E-3B3B-4D3F-9CC0-B2BDECC460A6}.Debug|iPhone.Build.0 = Debug|Any CPU
		{3BC0AC7E-3B3B-4D3F-9CC0-B2BDECC460A6}.Debug|iPhoneSimulator.ActiveCfg = Debug|Any CPU
		{3BC0AC7E-3B3B-4D3F-9CC0-B2BDECC460A6}.Debug|iPhoneSimulator.Build.0 = Debug|Any CPU
		{3BC0AC7E-3B3B-4D3F-9CC0-B2BDECC460A6}.Release|Any CPU.ActiveCfg = Release|Any CPU
		{3BC0AC7E-3B3B-4D3F-9CC0-B2BDECC460A6}.Release|Any CPU.Build.0 = Release|Any CPU
		{3BC0AC7E-3B3B-4D3F-9CC0-B2BDECC460A6}.Release|iPhone.ActiveCfg = Release|Any CPU
		{3BC0AC7E-3B3B-4D3F-9CC0-B2BDECC460A6}.Release|iPhone.Build.0 = Release|Any CPU
		{3BC0AC7E-3B3B-4D3F-9CC0-B2BDECC460A6}.Release|iPhoneSimulator.ActiveCfg = Release|Any CPU
		{3BC0AC7E-3B3B-4D3F-9CC0-B2BDECC460A6}.Release|iPhoneSimulator.Build.0 = Release|Any CPU
		{101E3060-8799-4119-8A7A-4F86A01C0C84}.Debug|Any CPU.ActiveCfg = Debug|iPhoneSimulator
		{101E3060-8799-4119-8A7A-4F86A01C0C84}.Debug|Any CPU.Build.0 = Debug|iPhoneSimulator
		{101E3060-8799-4119-8A7A-4F86A01C0C84}.Debug|iPhone.ActiveCfg = Debug|iPhone
		{101E3060-8799-4119-8A7A-4F86A01C0C84}.Debug|iPhone.Build.0 = Debug|iPhone
		{101E3060-8799-4119-8A7A-4F86A01C0C84}.Debug|iPhoneSimulator.ActiveCfg = Debug|iPhoneSimulator
		{101E3060-8799-4119-8A7A-4F86A01C0C84}.Debug|iPhoneSimulator.Build.0 = Debug|iPhoneSimulator
		{101E3060-8799-4119-8A7A-4F86A01C0C84}.Release|Any CPU.ActiveCfg = Release|iPhoneSimulator
		{101E3060-8799-4119-8A7A-4F86A01C0C84}.Release|Any CPU.Build.0 = Release|iPhoneSimulator
		{101E3060-8799-4119-8A7A-4F86A01C0C84}.Release|iPhone.ActiveCfg = Release|iPhone
		{101E3060-8799-4119-8A7A-4F86A01C0C84}.Release|iPhone.Build.0 = Release|iPhone
		{101E3060-8799-4119-8A7A-4F86A01C0C84}.Release|iPhoneSimulator.ActiveCfg = Release|iPhoneSimulator
		{101E3060-8799-4119-8A7A-4F86A01C0C84}.Release|iPhoneSimulator.Build.0 = Release|iPhoneSimulator
		{D57204BA-4EAA-425F-8EF3-0231E6999F44}.Debug|Any CPU.ActiveCfg = Debug|Any CPU
		{D57204BA-4EAA-425F-8EF3-0231E6999F44}.Debug|Any CPU.Build.0 = Debug|Any CPU
		{D57204BA-4EAA-425F-8EF3-0231E6999F44}.Debug|iPhone.ActiveCfg = Debug|Any CPU
		{D57204BA-4EAA-425F-8EF3-0231E6999F44}.Debug|iPhone.Build.0 = Debug|Any CPU
		{D57204BA-4EAA-425F-8EF3-0231E6999F44}.Debug|iPhoneSimulator.ActiveCfg = Debug|Any CPU
		{D57204BA-4EAA-425F-8EF3-0231E6999F44}.Debug|iPhoneSimulator.Build.0 = Debug|Any CPU
		{D57204BA-4EAA-425F-8EF3-0231E6999F44}.Release|Any CPU.ActiveCfg = Release|Any CPU
		{D57204BA-4EAA-425F-8EF3-0231E6999F44}.Release|Any CPU.Build.0 = Release|Any CPU
		{D57204BA-4EAA-425F-8EF3-0231E6999F44}.Release|iPhone.ActiveCfg = Release|Any CPU
		{D57204BA-4EAA-425F-8EF3-0231E6999F44}.Release|iPhone.Build.0 = Release|Any CPU
		{D57204BA-4EAA-425F-8EF3-0231E6999F44}.Release|iPhoneSimulator.ActiveCfg = Release|Any CPU
		{D57204BA-4EAA-425F-8EF3-0231E6999F44}.Release|iPhoneSimulator.Build.0 = Release|Any CPU
		{868936C8-94E1-493A-BF62-3AD06F63E3D6}.Debug|Any CPU.ActiveCfg = Debug|iPhoneSimulator
		{868936C8-94E1-493A-BF62-3AD06F63E3D6}.Debug|Any CPU.Build.0 = Debug|iPhoneSimulator
		{868936C8-94E1-493A-BF62-3AD06F63E3D6}.Debug|iPhone.ActiveCfg = Debug|iPhone
		{868936C8-94E1-493A-BF62-3AD06F63E3D6}.Debug|iPhone.Build.0 = Debug|iPhone
		{868936C8-94E1-493A-BF62-3AD06F63E3D6}.Debug|iPhoneSimulator.ActiveCfg = Debug|iPhoneSimulator
		{868936C8-94E1-493A-BF62-3AD06F63E3D6}.Debug|iPhoneSimulator.Build.0 = Debug|iPhoneSimulator
		{868936C8-94E1-493A-BF62-3AD06F63E3D6}.Release|Any CPU.ActiveCfg = Release|iPhoneSimulator
		{868936C8-94E1-493A-BF62-3AD06F63E3D6}.Release|Any CPU.Build.0 = Release|iPhoneSimulator
		{868936C8-94E1-493A-BF62-3AD06F63E3D6}.Release|iPhone.ActiveCfg = Release|iPhone
		{868936C8-94E1-493A-BF62-3AD06F63E3D6}.Release|iPhone.Build.0 = Release|iPhone
		{868936C8-94E1-493A-BF62-3AD06F63E3D6}.Release|iPhoneSimulator.ActiveCfg = Release|iPhoneSimulator
		{868936C8-94E1-493A-BF62-3AD06F63E3D6}.Release|iPhoneSimulator.Build.0 = Release|iPhoneSimulator
		{095CD664-8283-4980-817B-DA28877DC658}.Debug|Any CPU.ActiveCfg = Debug|Any CPU
		{095CD664-8283-4980-817B-DA28877DC658}.Debug|Any CPU.Build.0 = Debug|Any CPU
		{095CD664-8283-4980-817B-DA28877DC658}.Debug|Any CPU.Deploy.0 = Debug|Any CPU
		{095CD664-8283-4980-817B-DA28877DC658}.Debug|iPhone.ActiveCfg = Debug|Any CPU
		{095CD664-8283-4980-817B-DA28877DC658}.Debug|iPhone.Build.0 = Debug|Any CPU
		{095CD664-8283-4980-817B-DA28877DC658}.Debug|iPhone.Deploy.0 = Debug|Any CPU
		{095CD664-8283-4980-817B-DA28877DC658}.Debug|iPhoneSimulator.ActiveCfg = Debug|Any CPU
		{095CD664-8283-4980-817B-DA28877DC658}.Debug|iPhoneSimulator.Build.0 = Debug|Any CPU
		{095CD664-8283-4980-817B-DA28877DC658}.Debug|iPhoneSimulator.Deploy.0 = Debug|Any CPU
		{095CD664-8283-4980-817B-DA28877DC658}.Release|Any CPU.ActiveCfg = Release|Any CPU
		{095CD664-8283-4980-817B-DA28877DC658}.Release|Any CPU.Build.0 = Release|Any CPU
		{095CD664-8283-4980-817B-DA28877DC658}.Release|Any CPU.Deploy.0 = Release|Any CPU
		{095CD664-8283-4980-817B-DA28877DC658}.Release|iPhone.ActiveCfg = Release|Any CPU
		{095CD664-8283-4980-817B-DA28877DC658}.Release|iPhone.Build.0 = Release|Any CPU
		{095CD664-8283-4980-817B-DA28877DC658}.Release|iPhone.Deploy.0 = Release|Any CPU
		{095CD664-8283-4980-817B-DA28877DC658}.Release|iPhoneSimulator.ActiveCfg = Release|Any CPU
		{095CD664-8283-4980-817B-DA28877DC658}.Release|iPhoneSimulator.Build.0 = Release|Any CPU
		{095CD664-8283-4980-817B-DA28877DC658}.Release|iPhoneSimulator.Deploy.0 = Release|Any CPU
		{DA5AB5EC-8606-4E15-B4B6-DCCF0207D233}.Debug|Any CPU.ActiveCfg = Debug|iPhone
		{DA5AB5EC-8606-4E15-B4B6-DCCF0207D233}.Debug|iPhone.ActiveCfg = Debug|iPhone
		{DA5AB5EC-8606-4E15-B4B6-DCCF0207D233}.Debug|iPhone.Build.0 = Debug|iPhone
		{DA5AB5EC-8606-4E15-B4B6-DCCF0207D233}.Debug|iPhoneSimulator.ActiveCfg = Debug|iPhoneSimulator
		{DA5AB5EC-8606-4E15-B4B6-DCCF0207D233}.Debug|iPhoneSimulator.Build.0 = Debug|iPhoneSimulator
		{DA5AB5EC-8606-4E15-B4B6-DCCF0207D233}.Release|Any CPU.ActiveCfg = Release|iPhone
		{DA5AB5EC-8606-4E15-B4B6-DCCF0207D233}.Release|iPhone.ActiveCfg = Release|iPhone
		{DA5AB5EC-8606-4E15-B4B6-DCCF0207D233}.Release|iPhone.Build.0 = Release|iPhone
		{DA5AB5EC-8606-4E15-B4B6-DCCF0207D233}.Release|iPhoneSimulator.ActiveCfg = Release|iPhoneSimulator
		{DA5AB5EC-8606-4E15-B4B6-DCCF0207D233}.Release|iPhoneSimulator.Build.0 = Release|iPhoneSimulator
		{827A6BE7-A629-4FEA-BFBB-5F29FC0E0DA8}.Debug|Any CPU.ActiveCfg = Debug|iPhone
		{827A6BE7-A629-4FEA-BFBB-5F29FC0E0DA8}.Debug|iPhone.ActiveCfg = Debug|iPhone
		{827A6BE7-A629-4FEA-BFBB-5F29FC0E0DA8}.Debug|iPhone.Build.0 = Debug|iPhone
		{827A6BE7-A629-4FEA-BFBB-5F29FC0E0DA8}.Debug|iPhoneSimulator.ActiveCfg = Debug|iPhoneSimulator
		{827A6BE7-A629-4FEA-BFBB-5F29FC0E0DA8}.Debug|iPhoneSimulator.Build.0 = Debug|iPhoneSimulator
		{827A6BE7-A629-4FEA-BFBB-5F29FC0E0DA8}.Release|Any CPU.ActiveCfg = Release|iPhone
		{827A6BE7-A629-4FEA-BFBB-5F29FC0E0DA8}.Release|iPhone.ActiveCfg = Release|iPhone
		{827A6BE7-A629-4FEA-BFBB-5F29FC0E0DA8}.Release|iPhone.Build.0 = Release|iPhone
		{827A6BE7-A629-4FEA-BFBB-5F29FC0E0DA8}.Release|iPhoneSimulator.ActiveCfg = Release|iPhoneSimulator
		{827A6BE7-A629-4FEA-BFBB-5F29FC0E0DA8}.Release|iPhoneSimulator.Build.0 = Release|iPhoneSimulator
		{8F73153B-11AA-4E0D-851F-6F31043485E5}.Debug|Any CPU.ActiveCfg = Debug|Any CPU
		{8F73153B-11AA-4E0D-851F-6F31043485E5}.Debug|Any CPU.Build.0 = Debug|Any CPU
		{8F73153B-11AA-4E0D-851F-6F31043485E5}.Debug|Any CPU.Deploy.0 = Debug|Any CPU
		{8F73153B-11AA-4E0D-851F-6F31043485E5}.Debug|iPhone.ActiveCfg = Debug|Any CPU
		{8F73153B-11AA-4E0D-851F-6F31043485E5}.Debug|iPhone.Build.0 = Debug|Any CPU
		{8F73153B-11AA-4E0D-851F-6F31043485E5}.Debug|iPhone.Deploy.0 = Debug|Any CPU
		{8F73153B-11AA-4E0D-851F-6F31043485E5}.Debug|iPhoneSimulator.ActiveCfg = Debug|Any CPU
		{8F73153B-11AA-4E0D-851F-6F31043485E5}.Debug|iPhoneSimulator.Build.0 = Debug|Any CPU
		{8F73153B-11AA-4E0D-851F-6F31043485E5}.Debug|iPhoneSimulator.Deploy.0 = Debug|Any CPU
		{8F73153B-11AA-4E0D-851F-6F31043485E5}.Release|Any CPU.ActiveCfg = Release|Any CPU
		{8F73153B-11AA-4E0D-851F-6F31043485E5}.Release|Any CPU.Build.0 = Release|Any CPU
		{8F73153B-11AA-4E0D-851F-6F31043485E5}.Release|Any CPU.Deploy.0 = Release|Any CPU
		{8F73153B-11AA-4E0D-851F-6F31043485E5}.Release|iPhone.ActiveCfg = Release|Any CPU
		{8F73153B-11AA-4E0D-851F-6F31043485E5}.Release|iPhone.Build.0 = Release|Any CPU
		{8F73153B-11AA-4E0D-851F-6F31043485E5}.Release|iPhone.Deploy.0 = Release|Any CPU
		{8F73153B-11AA-4E0D-851F-6F31043485E5}.Release|iPhoneSimulator.ActiveCfg = Release|Any CPU
		{8F73153B-11AA-4E0D-851F-6F31043485E5}.Release|iPhoneSimulator.Build.0 = Release|Any CPU
		{8F73153B-11AA-4E0D-851F-6F31043485E5}.Release|iPhoneSimulator.Deploy.0 = Release|Any CPU
		{A9D36A47-9E2A-49F5-9C7B-EEE7AD633F1D}.Debug|Any CPU.ActiveCfg = Debug|iPhone
		{A9D36A47-9E2A-49F5-9C7B-EEE7AD633F1D}.Debug|Any CPU.Build.0 = Debug|iPhone
		{A9D36A47-9E2A-49F5-9C7B-EEE7AD633F1D}.Debug|iPhone.ActiveCfg = Debug|iPhone
		{A9D36A47-9E2A-49F5-9C7B-EEE7AD633F1D}.Debug|iPhone.Build.0 = Debug|iPhone
		{A9D36A47-9E2A-49F5-9C7B-EEE7AD633F1D}.Debug|iPhoneSimulator.ActiveCfg = Debug|iPhoneSimulator
		{A9D36A47-9E2A-49F5-9C7B-EEE7AD633F1D}.Debug|iPhoneSimulator.Build.0 = Debug|iPhoneSimulator
		{A9D36A47-9E2A-49F5-9C7B-EEE7AD633F1D}.Release|Any CPU.ActiveCfg = Release|iPhone
		{A9D36A47-9E2A-49F5-9C7B-EEE7AD633F1D}.Release|Any CPU.Build.0 = Release|iPhone
		{A9D36A47-9E2A-49F5-9C7B-EEE7AD633F1D}.Release|iPhone.ActiveCfg = Release|iPhone
		{A9D36A47-9E2A-49F5-9C7B-EEE7AD633F1D}.Release|iPhone.Build.0 = Release|iPhone
		{A9D36A47-9E2A-49F5-9C7B-EEE7AD633F1D}.Release|iPhoneSimulator.ActiveCfg = Release|iPhoneSimulator
		{A9D36A47-9E2A-49F5-9C7B-EEE7AD633F1D}.Release|iPhoneSimulator.Build.0 = Release|iPhoneSimulator
		{B18B72F5-093C-4269-8D86-9E6A1A0FB18A}.Debug|Any CPU.ActiveCfg = Debug|Any CPU
		{B18B72F5-093C-4269-8D86-9E6A1A0FB18A}.Debug|Any CPU.Build.0 = Debug|Any CPU
		{B18B72F5-093C-4269-8D86-9E6A1A0FB18A}.Debug|iPhone.ActiveCfg = Debug|Any CPU
		{B18B72F5-093C-4269-8D86-9E6A1A0FB18A}.Debug|iPhone.Build.0 = Debug|Any CPU
		{B18B72F5-093C-4269-8D86-9E6A1A0FB18A}.Debug|iPhoneSimulator.ActiveCfg = Debug|Any CPU
		{B18B72F5-093C-4269-8D86-9E6A1A0FB18A}.Debug|iPhoneSimulator.Build.0 = Debug|Any CPU
		{B18B72F5-093C-4269-8D86-9E6A1A0FB18A}.Release|Any CPU.ActiveCfg = Release|Any CPU
		{B18B72F5-093C-4269-8D86-9E6A1A0FB18A}.Release|Any CPU.Build.0 = Release|Any CPU
		{B18B72F5-093C-4269-8D86-9E6A1A0FB18A}.Release|iPhone.ActiveCfg = Release|Any CPU
		{B18B72F5-093C-4269-8D86-9E6A1A0FB18A}.Release|iPhone.Build.0 = Release|Any CPU
		{B18B72F5-093C-4269-8D86-9E6A1A0FB18A}.Release|iPhoneSimulator.ActiveCfg = Release|Any CPU
		{B18B72F5-093C-4269-8D86-9E6A1A0FB18A}.Release|iPhoneSimulator.Build.0 = Release|Any CPU
	EndGlobalSection
	GlobalSection(SolutionProperties) = preSolution
		HideSolutionNode = FALSE
	EndGlobalSection
	GlobalSection(NestedProjects) = preSolution
		{4C95E2BE-756F-459A-8BF1-D7F0350336DF} = {894D5955-FB15-45EB-BFE9-DAB86FD18F2B}
		{6E1A455B-D9CF-402B-A74F-66371395DE2D} = {894D5955-FB15-45EB-BFE9-DAB86FD18F2B}
		{937C82CF-3DFA-4054-85AD-19727B7D176F} = {4C95E2BE-756F-459A-8BF1-D7F0350336DF}
		{44A2628A-87B9-4E2B-A935-59538B8C84B6} = {6E1A455B-D9CF-402B-A74F-66371395DE2D}
		{3BC0AC7E-3B3B-4D3F-9CC0-B2BDECC460A6} = {937C82CF-3DFA-4054-85AD-19727B7D176F}
		{101E3060-8799-4119-8A7A-4F86A01C0C84} = {44A2628A-87B9-4E2B-A935-59538B8C84B6}
		{9CA172A0-1F74-4D14-A266-896507FFA29E} = {4C95E2BE-756F-459A-8BF1-D7F0350336DF}
		{85DA9E63-C159-4AC8-93A7-F966F46955FE} = {6E1A455B-D9CF-402B-A74F-66371395DE2D}
		{D57204BA-4EAA-425F-8EF3-0231E6999F44} = {9CA172A0-1F74-4D14-A266-896507FFA29E}
		{868936C8-94E1-493A-BF62-3AD06F63E3D6} = {85DA9E63-C159-4AC8-93A7-F966F46955FE}
		{5F88A438-D504-4C65-8204-D23F8E5CFCE7} = {4C95E2BE-756F-459A-8BF1-D7F0350336DF}
		{095CD664-8283-4980-817B-DA28877DC658} = {5F88A438-D504-4C65-8204-D23F8E5CFCE7}
		{DA5AB5EC-8606-4E15-B4B6-DCCF0207D233} = {D63FDB91-9AD4-4CC9-B753-CD62D4A418E2}
		{827A6BE7-A629-4FEA-BFBB-5F29FC0E0DA8} = {DB92CD71-7697-46B3-BE71-8EAF6DBC5DAA}
		{385533AB-3153-4A11-AB7D-4A2758A8546B} = {4C95E2BE-756F-459A-8BF1-D7F0350336DF}
		{8F73153B-11AA-4E0D-851F-6F31043485E5} = {385533AB-3153-4A11-AB7D-4A2758A8546B}
		{D63FDB91-9AD4-4CC9-B753-CD62D4A418E2} = {6E1A455B-D9CF-402B-A74F-66371395DE2D}
		{DB92CD71-7697-46B3-BE71-8EAF6DBC5DAA} = {6E1A455B-D9CF-402B-A74F-66371395DE2D}
		{936ED1DE-7847-4C78-956A-2D585246A204} = {4C95E2BE-756F-459A-8BF1-D7F0350336DF}
		{E49C95B4-54F8-435F-930A-892C6B2BD64A} = {6E1A455B-D9CF-402B-A74F-66371395DE2D}
		{A9D36A47-9E2A-49F5-9C7B-EEE7AD633F1D} = {E49C95B4-54F8-435F-930A-892C6B2BD64A}
		{B18B72F5-093C-4269-8D86-9E6A1A0FB18A} = {936ED1DE-7847-4C78-956A-2D585246A204}
	EndGlobalSection
	GlobalSection(ExtensibilityGlobals) = postSolution
		SolutionGuid = {C97BC2B3-3F8F-4E3E-A45B-73C02985EAF3}
	EndGlobalSection
EndGlobal
