
Microsoft Visual Studio Solution File, Format Version 12.00
# Visual Studio Version 16
VisualStudioVersion = 16.0.810.23
MinimumVisualStudioVersion = 10.0.40219.1
Project("{2150E333-8FDC-42A3-9474-1A3956D46DE8}") = "android", "android", "{A64B2B87-7DEA-4785-9AC6-BFD855E69F84}"
EndProject
Project("{2150E333-8FDC-42A3-9474-1A3956D46DE8}") = "ios", "ios", "{E5B23BF9-E688-46EB-9B7A-1C6ACBB84596}"
EndProject


Project("{FAE04EC0-301F-11D3-BF4B-00C04F79EFBC}") = "BarcodeCaptureSimpleSample", "android\01_Single_Scanning_Samples\02_Barcode_Scanning_with_Low_Level_API\BarcodeCaptureSimpleSample\BarcodeCaptureSimpleSample.csproj", "{3BC0AC7E-3B3B-4D3F-9CC0-B2BDECC460A6}"
EndProject
Project("{FAE04EC0-301F-11D3-BF4B-00C04F79EFBC}") = "BarcodeSelectionSimpleSample", "android\01_Single_Scanning_Samples\02_Barcode_Scanning_with_Low_Level_API\BarcodeSelectionSimpleSample\BarcodeSelectionSimpleSample.csproj", "{0C1D75FA-8AD8-4A36-B0BE-1BC0B940B943}"
EndProject
Project("{FAE04EC0-301F-11D3-BF4B-00C04F79EFBC}") = "IdCaptureExtendedSample", "android\02_ID_Scanning_Samples\IdCaptureExtendedSample\IdCaptureExtendedSample.csproj", "{8038800D-1B4A-4CC8-A357-399A11FF2807}"
EndProject
Project("{FAE04EC0-301F-11D3-BF4B-00C04F79EFBC}") = "IdCaptureSimpleSample", "android\02_ID_Scanning_Samples\IdCaptureSimpleSample\IdCaptureSimpleSample.csproj", "{9BE18E27-8AE0-4683-93E6-F60709DBF8F4}"
EndProject
Project("{FAE04EC0-301F-11D3-BF4B-00C04F79EFBC}") = "MatrixScanBubblesSample", "android\03_Advanced_Batch_Scanning_Samples\01_Batch_Scanning_and_AR_Info_Lookup\MatrixScanBubblesSample\MatrixScanBubblesSample.csproj", "{8F73153B-11AA-4E0D-851F-6F31043485E5}"
EndProject
Project("{FAE04EC0-301F-11D3-BF4B-00C04F79EFBC}") = "MatrixScanRejectSample", "android\03_Advanced_Batch_Scanning_Samples\01_Batch_Scanning_and_AR_Info_Lookup\MatrixScanRejectSample\MatrixScanRejectSample.csproj", "{61E211D4-896B-4A76-9297-15493D8F6A16}"
EndProject
Project("{FAE04EC0-301F-11D3-BF4B-00C04F79EFBC}") = "MatrixScanSimpleSample", "android\03_Advanced_Batch_Scanning_Samples\01_Batch_Scanning_and_AR_Info_Lookup\MatrixScanSimpleSample\MatrixScanSimpleSample.csproj", "{D57204BA-4EAA-425F-8EF3-0231E6999F44}"
EndProject


Project("{FAE04EC0-301F-11D3-BF4B-00C04F79EFBC}") = "BarcodeCaptureSimpleSample", "ios\01_Single_Scanning_Samples\02_Barcode_Scanning_with_Low_Level_API\BarcodeCaptureSimpleSample\BarcodeCaptureSimpleSample.csproj", "{101E3060-8799-4119-8A7A-4F86A01C0C84}"
EndProject
Project("{FAE04EC0-301F-11D3-BF4B-00C04F79EFBC}") = "BarcodeSelectionSimpleSample", "ios\01_Single_Scanning_Samples\02_Barcode_Scanning_with_Low_Level_API\BarcodeSelectionSimpleSample\BarcodeSelectionSimpleSample.csproj", "{5ED6F34B-1F2A-4F0C-B2FD-AEFED7DA3305}"
EndProject
Project("{FAE04EC0-301F-11D3-BF4B-00C04F79EFBC}") = "IdCaptureExtendedSample", "ios\02_ID_Scanning_Samples\IdCaptureExtendedSample\IdCaptureExtendedSample.csproj", "{C2E767EF-DFBA-4FA1-BBBE-707ADBBADCBA}"
EndProject
Project("{FAE04EC0-301F-11D3-BF4B-00C04F79EFBC}") = "IdCaptureSimpleSample", "ios\02_ID_Scanning_Samples\IdCaptureSimpleSample\IdCaptureSimpleSample.csproj", "{9D55C192-4444-4553-900E-7B4E65D38E62}"
EndProject
Project("{FAE04EC0-301F-11D3-BF4B-00C04F79EFBC}") = "MatrixScanBubblesSample", "ios\03_Advanced_Batch_Scanning_Samples\01_Batch_Scanning_and_AR_Info_Lookup\MatrixScanBubblesSample\MatrixScanBubblesSample.csproj", "{827A6BE7-A629-4FEA-BFBB-5F29FC0E0DA8}"
EndProject
Project("{FAE04EC0-301F-11D3-BF4B-00C04F79EFBC}") = "MatrixScanRejectSample", "ios\03_Advanced_Batch_Scanning_Samples\01_Batch_Scanning_and_AR_Info_Lookup\MatrixScanRejectSample\MatrixScanRejectSample.csproj", "{1453A63F-A53A-4EBA-8784-1F411370D8D0}"
EndProject
Project("{FAE04EC0-301F-11D3-BF4B-00C04F79EFBC}") = "MatrixScanSimpleSample", "ios\03_Advanced_Batch_Scanning_Samples\01_Batch_Scanning_and_AR_Info_Lookup\MatrixScanSimpleSample\MatrixScanSimpleSample.csproj", "{868936C8-94E1-493A-BF62-3AD06F63E3D6}"
EndProject
Project("{FAE04EC0-301F-11D3-BF4B-00C04F79EFBC}") = "ListBuildingSample", "ios\01_Single_Scanning_Samples\01_Barcode_Scanning_with_Pre_Built_UI\ListBuildingSample\ListBuildingSample.csproj", "{1DCAA964-622D-40CE-B0A1-E06F40ED55EE}"
EndProject
Project("{FAE04EC0-301F-11D3-BF4B-00C04F79EFBC}") = "ListBuildingSample", "android\01_Single_Scanning_Samples\01_Barcode_Scanning_with_Pre_Built_UI\ListBuildingSample\ListBuildingSample.csproj", "{DD5E1B34-60AC-4DEB-A90E-6377DD53711D}"
EndProject
Project("{FAE04EC0-301F-11D3-BF4B-00C04F79EFBC}") = "MatrixScanCountSimpleSample", "android\03_Advanced_Batch_Scanning_Samples\02_Counting_and_Receiving\MatrixScanCountSimpleSample\MatrixScanCountSimpleSample.csproj", "{222C475A-2B56-4178-AFB5-2699B1D6BB65}"
EndProject
Project("{FAE04EC0-301F-11D3-BF4B-00C04F79EFBC}") = "MatrixScanCountSimpleSample", "ios\03_Advanced_Batch_Scanning_Samples\02_Counting_and_Receiving\MatrixScanCountSimpleSample\MatrixScanCountSimpleSample.csproj", "{5B3DFF64-7984-497B-86DE-5CAE2CCF60FA}"
EndProject
Global
	GlobalSection(SolutionConfigurationPlatforms) = preSolution
		Debug|Any CPU = Debug|Any CPU
		Release|Any CPU = Release|Any CPU
		Debug|iPhoneSimulator = Debug|iPhoneSimulator
		Release|iPhoneSimulator = Release|iPhoneSimulator
		Debug|iPhone = Debug|iPhone
		Release|iPhone = Release|iPhone
	EndGlobalSection
	GlobalSection(ProjectConfigurationPlatforms) = postSolution
		
		
		
		
		
		
		
		
		
		
		
		
		
		
		
		
		
		
		
		
		
		
		
		
		{3BC0AC7E-3B3B-4D3F-9CC0-B2BDECC460A6}.Debug|Any CPU.ActiveCfg = Debug|Any CPU
		{3BC0AC7E-3B3B-4D3F-9CC0-B2BDECC460A6}.Debug|Any CPU.Build.0 = Debug|Any CPU
		{3BC0AC7E-3B3B-4D3F-9CC0-B2BDECC460A6}.Release|Any CPU.ActiveCfg = Release|Any CPU
		{3BC0AC7E-3B3B-4D3F-9CC0-B2BDECC460A6}.Release|Any CPU.Build.0 = Release|Any CPU
		{3BC0AC7E-3B3B-4D3F-9CC0-B2BDECC460A6}.Debug|iPhoneSimulator.ActiveCfg = Debug|Any CPU
		{3BC0AC7E-3B3B-4D3F-9CC0-B2BDECC460A6}.Debug|iPhoneSimulator.Build.0 = Debug|Any CPU
		{3BC0AC7E-3B3B-4D3F-9CC0-B2BDECC460A6}.Release|iPhoneSimulator.ActiveCfg = Release|Any CPU
		{3BC0AC7E-3B3B-4D3F-9CC0-B2BDECC460A6}.Release|iPhoneSimulator.Build.0 = Release|Any CPU
		{3BC0AC7E-3B3B-4D3F-9CC0-B2BDECC460A6}.Debug|iPhone.ActiveCfg = Debug|Any CPU
		{3BC0AC7E-3B3B-4D3F-9CC0-B2BDECC460A6}.Debug|iPhone.Build.0 = Debug|Any CPU
		{3BC0AC7E-3B3B-4D3F-9CC0-B2BDECC460A6}.Release|iPhone.ActiveCfg = Release|Any CPU
		{3BC0AC7E-3B3B-4D3F-9CC0-B2BDECC460A6}.Release|iPhone.Build.0 = Release|Any CPU
		{0C1D75FA-8AD8-4A36-B0BE-1BC0B940B943}.Debug|Any CPU.ActiveCfg = Debug|Any CPU
		{0C1D75FA-8AD8-4A36-B0BE-1BC0B940B943}.Debug|Any CPU.Build.0 = Debug|Any CPU
		{0C1D75FA-8AD8-4A36-B0BE-1BC0B940B943}.Release|Any CPU.ActiveCfg = Release|Any CPU
		{0C1D75FA-8AD8-4A36-B0BE-1BC0B940B943}.Release|Any CPU.Build.0 = Release|Any CPU
		{0C1D75FA-8AD8-4A36-B0BE-1BC0B940B943}.Debug|iPhoneSimulator.ActiveCfg = Debug|Any CPU
		{0C1D75FA-8AD8-4A36-B0BE-1BC0B940B943}.Debug|iPhoneSimulator.Build.0 = Debug|Any CPU
		{0C1D75FA-8AD8-4A36-B0BE-1BC0B940B943}.Release|iPhoneSimulator.ActiveCfg = Release|Any CPU
		{0C1D75FA-8AD8-4A36-B0BE-1BC0B940B943}.Release|iPhoneSimulator.Build.0 = Release|Any CPU
		{0C1D75FA-8AD8-4A36-B0BE-1BC0B940B943}.Debug|iPhone.ActiveCfg = Debug|Any CPU
		{0C1D75FA-8AD8-4A36-B0BE-1BC0B940B943}.Debug|iPhone.Build.0 = Debug|Any CPU
		{0C1D75FA-8AD8-4A36-B0BE-1BC0B940B943}.Release|iPhone.ActiveCfg = Release|Any CPU
		{0C1D75FA-8AD8-4A36-B0BE-1BC0B940B943}.Release|iPhone.Build.0 = Release|Any CPU
		{8038800D-1B4A-4CC8-A357-399A11FF2807}.Debug|Any CPU.ActiveCfg = Debug|Any CPU
		{8038800D-1B4A-4CC8-A357-399A11FF2807}.Debug|Any CPU.Build.0 = Debug|Any CPU
		{8038800D-1B4A-4CC8-A357-399A11FF2807}.Release|Any CPU.ActiveCfg = Release|Any CPU
		{8038800D-1B4A-4CC8-A357-399A11FF2807}.Release|Any CPU.Build.0 = Release|Any CPU
		{8038800D-1B4A-4CC8-A357-399A11FF2807}.Debug|iPhoneSimulator.ActiveCfg = Debug|Any CPU
		{8038800D-1B4A-4CC8-A357-399A11FF2807}.Debug|iPhoneSimulator.Build.0 = Debug|Any CPU
		{8038800D-1B4A-4CC8-A357-399A11FF2807}.Release|iPhoneSimulator.ActiveCfg = Release|Any CPU
		{8038800D-1B4A-4CC8-A357-399A11FF2807}.Release|iPhoneSimulator.Build.0 = Release|Any CPU
		{8038800D-1B4A-4CC8-A357-399A11FF2807}.Debug|iPhone.ActiveCfg = Debug|Any CPU
		{8038800D-1B4A-4CC8-A357-399A11FF2807}.Debug|iPhone.Build.0 = Debug|Any CPU
		{8038800D-1B4A-4CC8-A357-399A11FF2807}.Release|iPhone.ActiveCfg = Release|Any CPU
		{8038800D-1B4A-4CC8-A357-399A11FF2807}.Release|iPhone.Build.0 = Release|Any CPU
		{9BE18E27-8AE0-4683-93E6-F60709DBF8F4}.Debug|Any CPU.ActiveCfg = Debug|Any CPU
		{9BE18E27-8AE0-4683-93E6-F60709DBF8F4}.Debug|Any CPU.Build.0 = Debug|Any CPU
		{9BE18E27-8AE0-4683-93E6-F60709DBF8F4}.Release|Any CPU.ActiveCfg = Release|Any CPU
		{9BE18E27-8AE0-4683-93E6-F60709DBF8F4}.Release|Any CPU.Build.0 = Release|Any CPU
		{9BE18E27-8AE0-4683-93E6-F60709DBF8F4}.Debug|iPhoneSimulator.ActiveCfg = Debug|Any CPU
		{9BE18E27-8AE0-4683-93E6-F60709DBF8F4}.Debug|iPhoneSimulator.Build.0 = Debug|Any CPU
		{9BE18E27-8AE0-4683-93E6-F60709DBF8F4}.Release|iPhoneSimulator.ActiveCfg = Release|Any CPU
		{9BE18E27-8AE0-4683-93E6-F60709DBF8F4}.Release|iPhoneSimulator.Build.0 = Release|Any CPU
		{9BE18E27-8AE0-4683-93E6-F60709DBF8F4}.Debug|iPhone.ActiveCfg = Debug|Any CPU
		{9BE18E27-8AE0-4683-93E6-F60709DBF8F4}.Debug|iPhone.Build.0 = Debug|Any CPU
		{9BE18E27-8AE0-4683-93E6-F60709DBF8F4}.Release|iPhone.ActiveCfg = Release|Any CPU
		{9BE18E27-8AE0-4683-93E6-F60709DBF8F4}.Release|iPhone.Build.0 = Release|Any CPU
		{8F73153B-11AA-4E0D-851F-6F31043485E5}.Debug|Any CPU.ActiveCfg = Debug|Any CPU
		{8F73153B-11AA-4E0D-851F-6F31043485E5}.Debug|Any CPU.Build.0 = Debug|Any CPU
		{8F73153B-11AA-4E0D-851F-6F31043485E5}.Release|Any CPU.ActiveCfg = Release|Any CPU
		{8F73153B-11AA-4E0D-851F-6F31043485E5}.Release|Any CPU.Build.0 = Release|Any CPU
		{8F73153B-11AA-4E0D-851F-6F31043485E5}.Debug|iPhoneSimulator.ActiveCfg = Debug|Any CPU
		{8F73153B-11AA-4E0D-851F-6F31043485E5}.Debug|iPhoneSimulator.Build.0 = Debug|Any CPU
		{8F73153B-11AA-4E0D-851F-6F31043485E5}.Release|iPhoneSimulator.ActiveCfg = Release|Any CPU
		{8F73153B-11AA-4E0D-851F-6F31043485E5}.Release|iPhoneSimulator.Build.0 = Release|Any CPU
		{8F73153B-11AA-4E0D-851F-6F31043485E5}.Debug|iPhone.ActiveCfg = Debug|Any CPU
		{8F73153B-11AA-4E0D-851F-6F31043485E5}.Debug|iPhone.Build.0 = Debug|Any CPU
		{8F73153B-11AA-4E0D-851F-6F31043485E5}.Release|iPhone.ActiveCfg = Release|Any CPU
		{8F73153B-11AA-4E0D-851F-6F31043485E5}.Release|iPhone.Build.0 = Release|Any CPU
		{61E211D4-896B-4A76-9297-15493D8F6A16}.Debug|Any CPU.ActiveCfg = Debug|Any CPU
		{61E211D4-896B-4A76-9297-15493D8F6A16}.Debug|Any CPU.Build.0 = Debug|Any CPU
		{61E211D4-896B-4A76-9297-15493D8F6A16}.Release|Any CPU.ActiveCfg = Release|Any CPU
		{61E211D4-896B-4A76-9297-15493D8F6A16}.Release|Any CPU.Build.0 = Release|Any CPU
		{61E211D4-896B-4A76-9297-15493D8F6A16}.Debug|iPhoneSimulator.ActiveCfg = Debug|Any CPU
		{61E211D4-896B-4A76-9297-15493D8F6A16}.Debug|iPhoneSimulator.Build.0 = Debug|Any CPU
		{61E211D4-896B-4A76-9297-15493D8F6A16}.Release|iPhoneSimulator.ActiveCfg = Release|Any CPU
		{61E211D4-896B-4A76-9297-15493D8F6A16}.Release|iPhoneSimulator.Build.0 = Release|Any CPU
		{61E211D4-896B-4A76-9297-15493D8F6A16}.Debug|iPhone.ActiveCfg = Debug|Any CPU
		{61E211D4-896B-4A76-9297-15493D8F6A16}.Debug|iPhone.Build.0 = Debug|Any CPU
		{61E211D4-896B-4A76-9297-15493D8F6A16}.Release|iPhone.ActiveCfg = Release|Any CPU
		{61E211D4-896B-4A76-9297-15493D8F6A16}.Release|iPhone.Build.0 = Release|Any CPU
		{D57204BA-4EAA-425F-8EF3-0231E6999F44}.Debug|Any CPU.ActiveCfg = Debug|Any CPU
		{D57204BA-4EAA-425F-8EF3-0231E6999F44}.Debug|Any CPU.Build.0 = Debug|Any CPU
		{D57204BA-4EAA-425F-8EF3-0231E6999F44}.Release|Any CPU.ActiveCfg = Release|Any CPU
		{D57204BA-4EAA-425F-8EF3-0231E6999F44}.Release|Any CPU.Build.0 = Release|Any CPU
		{D57204BA-4EAA-425F-8EF3-0231E6999F44}.Debug|iPhoneSimulator.ActiveCfg = Debug|Any CPU
		{D57204BA-4EAA-425F-8EF3-0231E6999F44}.Debug|iPhoneSimulator.Build.0 = Debug|Any CPU
		{D57204BA-4EAA-425F-8EF3-0231E6999F44}.Release|iPhoneSimulator.ActiveCfg = Release|Any CPU
		{D57204BA-4EAA-425F-8EF3-0231E6999F44}.Release|iPhoneSimulator.Build.0 = Release|Any CPU
		{D57204BA-4EAA-425F-8EF3-0231E6999F44}.Debug|iPhone.ActiveCfg = Debug|Any CPU
		{D57204BA-4EAA-425F-8EF3-0231E6999F44}.Debug|iPhone.Build.0 = Debug|Any CPU
		{D57204BA-4EAA-425F-8EF3-0231E6999F44}.Release|iPhone.ActiveCfg = Release|Any CPU
		{D57204BA-4EAA-425F-8EF3-0231E6999F44}.Release|iPhone.Build.0 = Release|Any CPU
		
		
		
		
		
		
		
		
		
		
		
		
		
		
		
		
		
		
		
		
		
		
		
		
		{101E3060-8799-4119-8A7A-4F86A01C0C84}.Debug|Any CPU.ActiveCfg = Debug|iPhoneSimulator
		{101E3060-8799-4119-8A7A-4F86A01C0C84}.Debug|Any CPU.Build.0 = Debug|iPhoneSimulator
		{101E3060-8799-4119-8A7A-4F86A01C0C84}.Release|Any CPU.ActiveCfg = Release|iPhoneSimulator
		{101E3060-8799-4119-8A7A-4F86A01C0C84}.Release|Any CPU.Build.0 = Release|iPhoneSimulator
		{101E3060-8799-4119-8A7A-4F86A01C0C84}.Debug|iPhoneSimulator.ActiveCfg = Debug|iPhoneSimulator
		{101E3060-8799-4119-8A7A-4F86A01C0C84}.Debug|iPhoneSimulator.Build.0 = Debug|iPhoneSimulator
		{101E3060-8799-4119-8A7A-4F86A01C0C84}.Release|iPhoneSimulator.ActiveCfg = Release|iPhoneSimulator
		{101E3060-8799-4119-8A7A-4F86A01C0C84}.Release|iPhoneSimulator.Build.0 = Release|iPhoneSimulator
		{101E3060-8799-4119-8A7A-4F86A01C0C84}.Debug|iPhone.ActiveCfg = Debug|iPhone
		{101E3060-8799-4119-8A7A-4F86A01C0C84}.Debug|iPhone.Build.0 = Debug|iPhone
		{101E3060-8799-4119-8A7A-4F86A01C0C84}.Release|iPhone.ActiveCfg = Release|iPhone
		{101E3060-8799-4119-8A7A-4F86A01C0C84}.Release|iPhone.Build.0 = Release|iPhone
		{5ED6F34B-1F2A-4F0C-B2FD-AEFED7DA3305}.Debug|Any CPU.ActiveCfg = Debug|iPhoneSimulator
		{5ED6F34B-1F2A-4F0C-B2FD-AEFED7DA3305}.Debug|Any CPU.Build.0 = Debug|iPhoneSimulator
		{5ED6F34B-1F2A-4F0C-B2FD-AEFED7DA3305}.Release|Any CPU.ActiveCfg = Release|iPhoneSimulator
		{5ED6F34B-1F2A-4F0C-B2FD-AEFED7DA3305}.Release|Any CPU.Build.0 = Release|iPhoneSimulator
		{5ED6F34B-1F2A-4F0C-B2FD-AEFED7DA3305}.Debug|iPhoneSimulator.ActiveCfg = Debug|iPhoneSimulator
		{5ED6F34B-1F2A-4F0C-B2FD-AEFED7DA3305}.Debug|iPhoneSimulator.Build.0 = Debug|iPhoneSimulator
		{5ED6F34B-1F2A-4F0C-B2FD-AEFED7DA3305}.Release|iPhoneSimulator.ActiveCfg = Release|iPhoneSimulator
		{5ED6F34B-1F2A-4F0C-B2FD-AEFED7DA3305}.Release|iPhoneSimulator.Build.0 = Release|iPhoneSimulator
		{5ED6F34B-1F2A-4F0C-B2FD-AEFED7DA3305}.Debug|iPhone.ActiveCfg = Debug|iPhone
		{5ED6F34B-1F2A-4F0C-B2FD-AEFED7DA3305}.Debug|iPhone.Build.0 = Debug|iPhone
		{5ED6F34B-1F2A-4F0C-B2FD-AEFED7DA3305}.Release|iPhone.ActiveCfg = Release|iPhone
		{5ED6F34B-1F2A-4F0C-B2FD-AEFED7DA3305}.Release|iPhone.Build.0 = Release|iPhone
		{C2E767EF-DFBA-4FA1-BBBE-707ADBBADCBA}.Debug|Any CPU.ActiveCfg = Debug|iPhoneSimulator
		{C2E767EF-DFBA-4FA1-BBBE-707ADBBADCBA}.Debug|Any CPU.Build.0 = Debug|iPhoneSimulator
		{C2E767EF-DFBA-4FA1-BBBE-707ADBBADCBA}.Release|Any CPU.ActiveCfg = Release|iPhoneSimulator
		{C2E767EF-DFBA-4FA1-BBBE-707ADBBADCBA}.Release|Any CPU.Build.0 = Release|iPhoneSimulator
		{C2E767EF-DFBA-4FA1-BBBE-707ADBBADCBA}.Debug|iPhoneSimulator.ActiveCfg = Debug|iPhoneSimulator
		{C2E767EF-DFBA-4FA1-BBBE-707ADBBADCBA}.Debug|iPhoneSimulator.Build.0 = Debug|iPhoneSimulator
		{C2E767EF-DFBA-4FA1-BBBE-707ADBBADCBA}.Release|iPhoneSimulator.ActiveCfg = Release|iPhoneSimulator
		{C2E767EF-DFBA-4FA1-BBBE-707ADBBADCBA}.Release|iPhoneSimulator.Build.0 = Release|iPhoneSimulator
		{C2E767EF-DFBA-4FA1-BBBE-707ADBBADCBA}.Debug|iPhone.ActiveCfg = Debug|iPhone
		{C2E767EF-DFBA-4FA1-BBBE-707ADBBADCBA}.Debug|iPhone.Build.0 = Debug|iPhone
		{C2E767EF-DFBA-4FA1-BBBE-707ADBBADCBA}.Release|iPhone.ActiveCfg = Release|iPhone
		{C2E767EF-DFBA-4FA1-BBBE-707ADBBADCBA}.Release|iPhone.Build.0 = Release|iPhone
		{9D55C192-4444-4553-900E-7B4E65D38E62}.Debug|Any CPU.ActiveCfg = Debug|iPhoneSimulator
		{9D55C192-4444-4553-900E-7B4E65D38E62}.Debug|Any CPU.Build.0 = Debug|iPhoneSimulator
		{9D55C192-4444-4553-900E-7B4E65D38E62}.Release|Any CPU.ActiveCfg = Release|iPhoneSimulator
		{9D55C192-4444-4553-900E-7B4E65D38E62}.Release|Any CPU.Build.0 = Release|iPhoneSimulator
		{9D55C192-4444-4553-900E-7B4E65D38E62}.Debug|iPhoneSimulator.ActiveCfg = Debug|iPhoneSimulator
		{9D55C192-4444-4553-900E-7B4E65D38E62}.Debug|iPhoneSimulator.Build.0 = Debug|iPhoneSimulator
		{9D55C192-4444-4553-900E-7B4E65D38E62}.Release|iPhoneSimulator.ActiveCfg = Release|iPhoneSimulator
		{9D55C192-4444-4553-900E-7B4E65D38E62}.Release|iPhoneSimulator.Build.0 = Release|iPhoneSimulator
		{9D55C192-4444-4553-900E-7B4E65D38E62}.Debug|iPhone.ActiveCfg = Debug|iPhone
		{9D55C192-4444-4553-900E-7B4E65D38E62}.Debug|iPhone.Build.0 = Debug|iPhone
		{9D55C192-4444-4553-900E-7B4E65D38E62}.Release|iPhone.ActiveCfg = Release|iPhone
		{9D55C192-4444-4553-900E-7B4E65D38E62}.Release|iPhone.Build.0 = Release|iPhone
		{827A6BE7-A629-4FEA-BFBB-5F29FC0E0DA8}.Debug|Any CPU.ActiveCfg = Debug|iPhoneSimulator
		{827A6BE7-A629-4FEA-BFBB-5F29FC0E0DA8}.Debug|Any CPU.Build.0 = Debug|iPhoneSimulator
		{827A6BE7-A629-4FEA-BFBB-5F29FC0E0DA8}.Release|Any CPU.ActiveCfg = Release|iPhoneSimulator
		{827A6BE7-A629-4FEA-BFBB-5F29FC0E0DA8}.Release|Any CPU.Build.0 = Release|iPhoneSimulator
		{827A6BE7-A629-4FEA-BFBB-5F29FC0E0DA8}.Debug|iPhoneSimulator.ActiveCfg = Debug|iPhoneSimulator
		{827A6BE7-A629-4FEA-BFBB-5F29FC0E0DA8}.Debug|iPhoneSimulator.Build.0 = Debug|iPhoneSimulator
		{827A6BE7-A629-4FEA-BFBB-5F29FC0E0DA8}.Release|iPhoneSimulator.ActiveCfg = Release|iPhoneSimulator
		{827A6BE7-A629-4FEA-BFBB-5F29FC0E0DA8}.Release|iPhoneSimulator.Build.0 = Release|iPhoneSimulator
		{827A6BE7-A629-4FEA-BFBB-5F29FC0E0DA8}.Debug|iPhone.ActiveCfg = Debug|iPhone
		{827A6BE7-A629-4FEA-BFBB-5F29FC0E0DA8}.Debug|iPhone.Build.0 = Debug|iPhone
		{827A6BE7-A629-4FEA-BFBB-5F29FC0E0DA8}.Release|iPhone.ActiveCfg = Release|iPhone
		{827A6BE7-A629-4FEA-BFBB-5F29FC0E0DA8}.Release|iPhone.Build.0 = Release|iPhone
		{1453A63F-A53A-4EBA-8784-1F411370D8D0}.Debug|Any CPU.ActiveCfg = Debug|iPhoneSimulator
		{1453A63F-A53A-4EBA-8784-1F411370D8D0}.Debug|Any CPU.Build.0 = Debug|iPhoneSimulator
		{1453A63F-A53A-4EBA-8784-1F411370D8D0}.Release|Any CPU.ActiveCfg = Release|iPhoneSimulator
		{1453A63F-A53A-4EBA-8784-1F411370D8D0}.Release|Any CPU.Build.0 = Release|iPhoneSimulator
		{1453A63F-A53A-4EBA-8784-1F411370D8D0}.Debug|iPhoneSimulator.ActiveCfg = Debug|iPhoneSimulator
		{1453A63F-A53A-4EBA-8784-1F411370D8D0}.Debug|iPhoneSimulator.Build.0 = Debug|iPhoneSimulator
		{1453A63F-A53A-4EBA-8784-1F411370D8D0}.Release|iPhoneSimulator.ActiveCfg = Release|iPhoneSimulator
		{1453A63F-A53A-4EBA-8784-1F411370D8D0}.Release|iPhoneSimulator.Build.0 = Release|iPhoneSimulator
		{1453A63F-A53A-4EBA-8784-1F411370D8D0}.Debug|iPhone.ActiveCfg = Debug|iPhone
		{1453A63F-A53A-4EBA-8784-1F411370D8D0}.Debug|iPhone.Build.0 = Debug|iPhone
		{1453A63F-A53A-4EBA-8784-1F411370D8D0}.Release|iPhone.ActiveCfg = Release|iPhone
		{1453A63F-A53A-4EBA-8784-1F411370D8D0}.Release|iPhone.Build.0 = Release|iPhone
		{868936C8-94E1-493A-BF62-3AD06F63E3D6}.Debug|Any CPU.ActiveCfg = Debug|iPhoneSimulator
		{868936C8-94E1-493A-BF62-3AD06F63E3D6}.Debug|Any CPU.Build.0 = Debug|iPhoneSimulator
		{868936C8-94E1-493A-BF62-3AD06F63E3D6}.Release|Any CPU.ActiveCfg = Release|iPhoneSimulator
		{868936C8-94E1-493A-BF62-3AD06F63E3D6}.Release|Any CPU.Build.0 = Release|iPhoneSimulator
		{868936C8-94E1-493A-BF62-3AD06F63E3D6}.Debug|iPhoneSimulator.ActiveCfg = Debug|iPhoneSimulator
		{868936C8-94E1-493A-BF62-3AD06F63E3D6}.Debug|iPhoneSimulator.Build.0 = Debug|iPhoneSimulator
		{868936C8-94E1-493A-BF62-3AD06F63E3D6}.Release|iPhoneSimulator.ActiveCfg = Release|iPhoneSimulator
		{868936C8-94E1-493A-BF62-3AD06F63E3D6}.Release|iPhoneSimulator.Build.0 = Release|iPhoneSimulator
		{868936C8-94E1-493A-BF62-3AD06F63E3D6}.Debug|iPhone.ActiveCfg = Debug|iPhone
		{868936C8-94E1-493A-BF62-3AD06F63E3D6}.Debug|iPhone.Build.0 = Debug|iPhone
		{868936C8-94E1-493A-BF62-3AD06F63E3D6}.Release|iPhone.ActiveCfg = Release|iPhone
		{868936C8-94E1-493A-BF62-3AD06F63E3D6}.Release|iPhone.Build.0 = Release|iPhone
		{1DCAA964-622D-40CE-B0A1-E06F40ED55EE}.Debug|Any CPU.ActiveCfg = Debug|iPhoneSimulator
		{1DCAA964-622D-40CE-B0A1-E06F40ED55EE}.Debug|Any CPU.Build.0 = Debug|iPhoneSimulator
		{1DCAA964-622D-40CE-B0A1-E06F40ED55EE}.Release|Any CPU.ActiveCfg = Release|iPhoneSimulator
		{1DCAA964-622D-40CE-B0A1-E06F40ED55EE}.Release|Any CPU.Build.0 = Release|iPhoneSimulator
		{1DCAA964-622D-40CE-B0A1-E06F40ED55EE}.Debug|iPhoneSimulator.ActiveCfg = Debug|iPhoneSimulator
		{1DCAA964-622D-40CE-B0A1-E06F40ED55EE}.Debug|iPhoneSimulator.Build.0 = Debug|iPhoneSimulator
		{1DCAA964-622D-40CE-B0A1-E06F40ED55EE}.Release|iPhoneSimulator.ActiveCfg = Release|iPhoneSimulator
		{1DCAA964-622D-40CE-B0A1-E06F40ED55EE}.Release|iPhoneSimulator.Build.0 = Release|iPhoneSimulator
		{1DCAA964-622D-40CE-B0A1-E06F40ED55EE}.Debug|iPhone.ActiveCfg = Debug|iPhone
		{1DCAA964-622D-40CE-B0A1-E06F40ED55EE}.Debug|iPhone.Build.0 = Debug|iPhone
		{1DCAA964-622D-40CE-B0A1-E06F40ED55EE}.Release|iPhone.ActiveCfg = Release|iPhone
		{1DCAA964-622D-40CE-B0A1-E06F40ED55EE}.Release|iPhone.Build.0 = Release|iPhone
		{DD5E1B34-60AC-4DEB-A90E-6377DD53711D}.Debug|Any CPU.ActiveCfg = Debug|Any CPU
		{DD5E1B34-60AC-4DEB-A90E-6377DD53711D}.Debug|Any CPU.Build.0 = Debug|Any CPU
		{DD5E1B34-60AC-4DEB-A90E-6377DD53711D}.Release|Any CPU.ActiveCfg = Release|Any CPU
		{DD5E1B34-60AC-4DEB-A90E-6377DD53711D}.Release|Any CPU.Build.0 = Release|Any CPU
		{DD5E1B34-60AC-4DEB-A90E-6377DD53711D}.Debug|iPhoneSimulator.ActiveCfg = Debug|Any CPU
		{DD5E1B34-60AC-4DEB-A90E-6377DD53711D}.Debug|iPhoneSimulator.Build.0 = Debug|Any CPU
		{DD5E1B34-60AC-4DEB-A90E-6377DD53711D}.Release|iPhoneSimulator.ActiveCfg = Release|Any CPU
		{DD5E1B34-60AC-4DEB-A90E-6377DD53711D}.Release|iPhoneSimulator.Build.0 = Release|Any CPU
		{DD5E1B34-60AC-4DEB-A90E-6377DD53711D}.Debug|iPhone.ActiveCfg = Debug|Any CPU
		{DD5E1B34-60AC-4DEB-A90E-6377DD53711D}.Debug|iPhone.Build.0 = Debug|Any CPU
		{DD5E1B34-60AC-4DEB-A90E-6377DD53711D}.Release|iPhone.ActiveCfg = Release|Any CPU
		{DD5E1B34-60AC-4DEB-A90E-6377DD53711D}.Release|iPhone.Build.0 = Release|Any CPU
		{222C475A-2B56-4178-AFB5-2699B1D6BB65}.Debug|Any CPU.ActiveCfg = Debug|Any CPU
		{222C475A-2B56-4178-AFB5-2699B1D6BB65}.Debug|Any CPU.Build.0 = Debug|Any CPU
		{222C475A-2B56-4178-AFB5-2699B1D6BB65}.Release|Any CPU.ActiveCfg = Release|Any CPU
		{222C475A-2B56-4178-AFB5-2699B1D6BB65}.Release|Any CPU.Build.0 = Release|Any CPU
		{222C475A-2B56-4178-AFB5-2699B1D6BB65}.Debug|iPhoneSimulator.ActiveCfg = Debug|Any CPU
		{222C475A-2B56-4178-AFB5-2699B1D6BB65}.Debug|iPhoneSimulator.Build.0 = Debug|Any CPU
		{222C475A-2B56-4178-AFB5-2699B1D6BB65}.Release|iPhoneSimulator.ActiveCfg = Release|Any CPU
		{222C475A-2B56-4178-AFB5-2699B1D6BB65}.Release|iPhoneSimulator.Build.0 = Release|Any CPU
		{222C475A-2B56-4178-AFB5-2699B1D6BB65}.Debug|iPhone.ActiveCfg = Debug|Any CPU
		{222C475A-2B56-4178-AFB5-2699B1D6BB65}.Debug|iPhone.Build.0 = Debug|Any CPU
		{222C475A-2B56-4178-AFB5-2699B1D6BB65}.Release|iPhone.ActiveCfg = Release|Any CPU
		{222C475A-2B56-4178-AFB5-2699B1D6BB65}.Release|iPhone.Build.0 = Release|Any CPU
		{5B3DFF64-7984-497B-86DE-5CAE2CCF60FA}.Debug|Any CPU.ActiveCfg = Debug|iPhoneSimulator
		{5B3DFF64-7984-497B-86DE-5CAE2CCF60FA}.Debug|Any CPU.Build.0 = Debug|iPhoneSimulator
		{5B3DFF64-7984-497B-86DE-5CAE2CCF60FA}.Release|Any CPU.ActiveCfg = Release|iPhoneSimulator
		{5B3DFF64-7984-497B-86DE-5CAE2CCF60FA}.Release|Any CPU.Build.0 = Release|iPhoneSimulator
		{5B3DFF64-7984-497B-86DE-5CAE2CCF60FA}.Debug|iPhoneSimulator.ActiveCfg = Debug|iPhoneSimulator
		{5B3DFF64-7984-497B-86DE-5CAE2CCF60FA}.Debug|iPhoneSimulator.Build.0 = Debug|iPhoneSimulator
		{5B3DFF64-7984-497B-86DE-5CAE2CCF60FA}.Release|iPhoneSimulator.ActiveCfg = Release|iPhoneSimulator
		{5B3DFF64-7984-497B-86DE-5CAE2CCF60FA}.Release|iPhoneSimulator.Build.0 = Release|iPhoneSimulator
		{5B3DFF64-7984-497B-86DE-5CAE2CCF60FA}.Debug|iPhone.ActiveCfg = Debug|iPhone
		{5B3DFF64-7984-497B-86DE-5CAE2CCF60FA}.Debug|iPhone.Build.0 = Debug|iPhone
		{5B3DFF64-7984-497B-86DE-5CAE2CCF60FA}.Release|iPhone.ActiveCfg = Release|iPhone
		{5B3DFF64-7984-497B-86DE-5CAE2CCF60FA}.Release|iPhone.Build.0 = Release|iPhone
	EndGlobalSection
	GlobalSection(SolutionProperties) = preSolution
		HideSolutionNode = FALSE
	EndGlobalSection
	GlobalSection(ExtensibilityGlobals) = postSolution
		SolutionGuid = {62A3D0EC-7638-41F7-9692-4862CEC982AE}
	EndGlobalSection
	GlobalSection(NestedProjects) = preSolution
		
		
		{3BC0AC7E-3B3B-4D3F-9CC0-B2BDECC460A6} = {A64B2B87-7DEA-4785-9AC6-BFD855E69F84}
		{0C1D75FA-8AD8-4A36-B0BE-1BC0B940B943} = {A64B2B87-7DEA-4785-9AC6-BFD855E69F84}
		{8038800D-1B4A-4CC8-A357-399A11FF2807} = {A64B2B87-7DEA-4785-9AC6-BFD855E69F84}
		{9BE18E27-8AE0-4683-93E6-F60709DBF8F4} = {A64B2B87-7DEA-4785-9AC6-BFD855E69F84}
		{8F73153B-11AA-4E0D-851F-6F31043485E5} = {A64B2B87-7DEA-4785-9AC6-BFD855E69F84}
		{61E211D4-896B-4A76-9297-15493D8F6A16} = {A64B2B87-7DEA-4785-9AC6-BFD855E69F84}
		{D57204BA-4EAA-425F-8EF3-0231E6999F44} = {A64B2B87-7DEA-4785-9AC6-BFD855E69F84}
		
		
		{101E3060-8799-4119-8A7A-4F86A01C0C84} = {E5B23BF9-E688-46EB-9B7A-1C6ACBB84596}
		{5ED6F34B-1F2A-4F0C-B2FD-AEFED7DA3305} = {E5B23BF9-E688-46EB-9B7A-1C6ACBB84596}
		{C2E767EF-DFBA-4FA1-BBBE-707ADBBADCBA} = {E5B23BF9-E688-46EB-9B7A-1C6ACBB84596}
		{9D55C192-4444-4553-900E-7B4E65D38E62} = {E5B23BF9-E688-46EB-9B7A-1C6ACBB84596}
		{827A6BE7-A629-4FEA-BFBB-5F29FC0E0DA8} = {E5B23BF9-E688-46EB-9B7A-1C6ACBB84596}
		{1453A63F-A53A-4EBA-8784-1F411370D8D0} = {E5B23BF9-E688-46EB-9B7A-1C6ACBB84596}
		{868936C8-94E1-493A-BF62-3AD06F63E3D6} = {E5B23BF9-E688-46EB-9B7A-1C6ACBB84596}
		{1DCAA964-622D-40CE-B0A1-E06F40ED55EE} = {E5B23BF9-E688-46EB-9B7A-1C6ACBB84596}
		{DD5E1B34-60AC-4DEB-A90E-6377DD53711D} = {A64B2B87-7DEA-4785-9AC6-BFD855E69F84}
		{222C475A-2B56-4178-AFB5-2699B1D6BB65} = {A64B2B87-7DEA-4785-9AC6-BFD855E69F84}
		{5B3DFF64-7984-497B-86DE-5CAE2CCF60FA} = {E5B23BF9-E688-46EB-9B7A-1C6ACBB84596}
	EndGlobalSection
EndGlobal
